
Microsoft Visual Studio Solution File, Format Version 12.00
Project("{2150E333-8FDC-42A3-9474-1A3956D46DE8}") = "src", "src", "{05FFAB92-45A3-4515-82DF-3EBE1AF09E72}"
EndProject
Project("{2150E333-8FDC-42A3-9474-1A3956D46DE8}") = "tests", "tests", "{78BD1D06-AF90-4A69-BF1E-C22010350FA5}"
EndProject
Project("{2150E333-8FDC-42A3-9474-1A3956D46DE8}") = "API", "API", "{FFD92FC8-0ED1-49D0-8B5A-45854577B072}"
EndProject
Project("{2150E333-8FDC-42A3-9474-1A3956D46DE8}") = "Core", "Core", "{FF7987F4-1ADD-4A86-9B62-86565DF1951E}"
EndProject
Project("{2150E333-8FDC-42A3-9474-1A3956D46DE8}") = "Infrastructure", "Infrastructure", "{9A6E9EB7-918B-4824-9789-307E1C608DCD}"
EndProject
Project("{FAE04EC0-301F-11D3-BF4B-00C04F79EFBC}") = "Unitagram.WebAPI", "src\API\Unitagram.WebAPI\Unitagram.WebAPI.csproj", "{8EB574D1-C0F5-4722-A53A-9B00043E7A9A}"
EndProject
Project("{FAE04EC0-301F-11D3-BF4B-00C04F79EFBC}") = "Unitagram.Application", "src\Core\Unitagram.Application\Unitagram.Application.csproj", "{09F167AF-6AB7-49B4-9B67-8B9A761CDDB9}"
EndProject
Project("{FAE04EC0-301F-11D3-BF4B-00C04F79EFBC}") = "Unitagram.Domain", "src\Core\Unitagram.Domain\Unitagram.Domain.csproj", "{7E6FE8F0-6F71-4BD7-AA0D-EDFE87C6A9D6}"
EndProject
Project("{FAE04EC0-301F-11D3-BF4B-00C04F79EFBC}") = "Unitagram.Infrastructure", "src\Infrastructure\Unitagram.Infrastructure\Unitagram.Infrastructure.csproj", "{45A20C2F-0B86-4D2D-915B-98C9F6EECCE7}"
EndProject
Project("{FAE04EC0-301F-11D3-BF4B-00C04F79EFBC}") = "Unitagram.Persistence", "src\Infrastructure\Unitagram.Persistence\Unitagram.Persistence.csproj", "{294F6D01-BD88-4802-B5EB-4A57A4486C1A}"
EndProject
Global
	GlobalSection(SolutionConfigurationPlatforms) = preSolution
		Debug|Any CPU = Debug|Any CPU
		Release|Any CPU = Release|Any CPU
	EndGlobalSection
	GlobalSection(NestedProjects) = preSolution
		{FFD92FC8-0ED1-49D0-8B5A-45854577B072} = {05FFAB92-45A3-4515-82DF-3EBE1AF09E72}
		{FF7987F4-1ADD-4A86-9B62-86565DF1951E} = {05FFAB92-45A3-4515-82DF-3EBE1AF09E72}
		{9A6E9EB7-918B-4824-9789-307E1C608DCD} = {05FFAB92-45A3-4515-82DF-3EBE1AF09E72}
		{8EB574D1-C0F5-4722-A53A-9B00043E7A9A} = {FFD92FC8-0ED1-49D0-8B5A-45854577B072}
		{09F167AF-6AB7-49B4-9B67-8B9A761CDDB9} = {FF7987F4-1ADD-4A86-9B62-86565DF1951E}
		{7E6FE8F0-6F71-4BD7-AA0D-EDFE87C6A9D6} = {FF7987F4-1ADD-4A86-9B62-86565DF1951E}
		{45A20C2F-0B86-4D2D-915B-98C9F6EECCE7} = {9A6E9EB7-918B-4824-9789-307E1C608DCD}
		{294F6D01-BD88-4802-B5EB-4A57A4486C1A} = {9A6E9EB7-918B-4824-9789-307E1C608DCD}
	EndGlobalSection
	GlobalSection(ProjectConfigurationPlatforms) = postSolution
		{8EB574D1-C0F5-4722-A53A-9B00043E7A9A}.Debug|Any CPU.ActiveCfg = Debug|Any CPU
		{8EB574D1-C0F5-4722-A53A-9B00043E7A9A}.Debug|Any CPU.Build.0 = Debug|Any CPU
		{8EB574D1-C0F5-4722-A53A-9B00043E7A9A}.Release|Any CPU.ActiveCfg = Release|Any CPU
		{8EB574D1-C0F5-4722-A53A-9B00043E7A9A}.Release|Any CPU.Build.0 = Release|Any CPU
		{09F167AF-6AB7-49B4-9B67-8B9A761CDDB9}.Debug|Any CPU.ActiveCfg = Debug|Any CPU
		{09F167AF-6AB7-49B4-9B67-8B9A761CDDB9}.Debug|Any CPU.Build.0 = Debug|Any CPU
		{09F167AF-6AB7-49B4-9B67-8B9A761CDDB9}.Release|Any CPU.ActiveCfg = Release|Any CPU
		{09F167AF-6AB7-49B4-9B67-8B9A761CDDB9}.Release|Any CPU.Build.0 = Release|Any CPU
		{7E6FE8F0-6F71-4BD7-AA0D-EDFE87C6A9D6}.Debug|Any CPU.ActiveCfg = Debug|Any CPU
		{7E6FE8F0-6F71-4BD7-AA0D-EDFE87C6A9D6}.Debug|Any CPU.Build.0 = Debug|Any CPU
		{7E6FE8F0-6F71-4BD7-AA0D-EDFE87C6A9D6}.Release|Any CPU.ActiveCfg = Release|Any CPU
		{7E6FE8F0-6F71-4BD7-AA0D-EDFE87C6A9D6}.Release|Any CPU.Build.0 = Release|Any CPU
		{45A20C2F-0B86-4D2D-915B-98C9F6EECCE7}.Debug|Any CPU.ActiveCfg = Debug|Any CPU
		{45A20C2F-0B86-4D2D-915B-98C9F6EECCE7}.Debug|Any CPU.Build.0 = Debug|Any CPU
		{45A20C2F-0B86-4D2D-915B-98C9F6EECCE7}.Release|Any CPU.ActiveCfg = Release|Any CPU
		{45A20C2F-0B86-4D2D-915B-98C9F6EECCE7}.Release|Any CPU.Build.0 = Release|Any CPU
		{294F6D01-BD88-4802-B5EB-4A57A4486C1A}.Debug|Any CPU.ActiveCfg = Debug|Any CPU
		{294F6D01-BD88-4802-B5EB-4A57A4486C1A}.Debug|Any CPU.Build.0 = Debug|Any CPU
		{294F6D01-BD88-4802-B5EB-4A57A4486C1A}.Release|Any CPU.ActiveCfg = Release|Any CPU
		{294F6D01-BD88-4802-B5EB-4A57A4486C1A}.Release|Any CPU.Build.0 = Release|Any CPU
	EndGlobalSection
EndGlobal
